// !$*UTF8*$!
{
	archiveVersion = 1;
	classes = {
	};
	objectVersion = 46;
	objects = {

/* Begin PBXBuildFile section */
		6F3C234A161F616900A95D19 /* IOKit.framework in Frameworks */ = {isa = PBXBuildFile; fileRef = 6F3C2349161F616900A95D19 /* IOKit.framework */; };
		6F67024215B88AA5008451CD /* Foundation.framework in Frameworks */ = {isa = PBXBuildFile; fileRef = 6F67024115B88AA5008451CD /* Foundation.framework */; };
		6F67024915B88AA5008451CD /* SiriAuthFix.mm in Sources */ = {isa = PBXBuildFile; fileRef = 6F67024815B88AA5008451CD /* SiriAuthFix.mm */; };
		6F7CE140176335A900C1643B /* libsubstrate.dylib in Frameworks */ = {isa = PBXBuildFile; fileRef = 6F7CE13F176335A900C1643B /* libsubstrate.dylib */; };
/* End PBXBuildFile section */

/* Begin PBXCopyFilesBuildPhase section */
		6F67023C15B88AA5008451CD /* CopyFiles */ = {
			isa = PBXCopyFilesBuildPhase;
			buildActionMask = 2147483647;
			dstPath = "include/${PRODUCT_NAME}";
			dstSubfolderSpec = 16;
			files = (
			);
			runOnlyForDeploymentPostprocessing = 0;
		};
/* End PBXCopyFilesBuildPhase section */

/* Begin PBXFileReference section */
		6F3C2349161F616900A95D19 /* IOKit.framework */ = {isa = PBXFileReference; lastKnownFileType = wrapper.framework; name = IOKit.framework; path = System/Library/Frameworks/IOKit.framework; sourceTree = SDKROOT; };
		6F67023E15B88AA5008451CD /* SiriAuthFix.dylib */ = {isa = PBXFileReference; explicitFileType = "compiled.mach-o.dylib"; includeInIndex = 0; path = SiriAuthFix.dylib; sourceTree = BUILT_PRODUCTS_DIR; };
		6F67024115B88AA5008451CD /* Foundation.framework */ = {isa = PBXFileReference; lastKnownFileType = wrapper.framework; name = Foundation.framework; path = System/Library/Frameworks/Foundation.framework; sourceTree = SDKROOT; };
		6F67024515B88AA5008451CD /* SiriAuthFix-Prefix.pch */ = {isa = PBXFileReference; lastKnownFileType = sourcecode.c.h; path = "SiriAuthFix-Prefix.pch"; sourceTree = "<group>"; };
		6F67024815B88AA5008451CD /* SiriAuthFix.mm */ = {isa = PBXFileReference; lastKnownFileType = sourcecode.cpp.objcpp; path = SiriAuthFix.mm; sourceTree = "<group>"; };
		6F67025715B88B0E008451CD /* IOKitDefines.h */ = {isa = PBXFileReference; lastKnownFileType = sourcecode.c.h; path = IOKitDefines.h; sourceTree = "<group>"; };
		6F7CE13F176335A900C1643B /* libsubstrate.dylib */ = {isa = PBXFileReference; lastKnownFileType = "compiled.mach-o.dylib"; name = libsubstrate.dylib; path = usr/lib/libsubstrate.dylib; sourceTree = SDKROOT; };
		6F7CE141176335C000C1643B /* SiriAuthFix.plist */ = {isa = PBXFileReference; lastKnownFileType = file.bplist; path = SiriAuthFix.plist; sourceTree = "<group>"; };
/* End PBXFileReference section */

/* Begin PBXFrameworksBuildPhase section */
		6F67023B15B88AA5008451CD /* Frameworks */ = {
			isa = PBXFrameworksBuildPhase;
			buildActionMask = 2147483647;
			files = (
				6F7CE140176335A900C1643B /* libsubstrate.dylib in Frameworks */,
				6F3C234A161F616900A95D19 /* IOKit.framework in Frameworks */,
				6F67024215B88AA5008451CD /* Foundation.framework in Frameworks */,
			);
			runOnlyForDeploymentPostprocessing = 0;
		};
/* End PBXFrameworksBuildPhase section */

/* Begin PBXGroup section */
		6F67023315B88AA5008451CD = {
			isa = PBXGroup;
			children = (
				6F7CE13F176335A900C1643B /* libsubstrate.dylib */,
				6F67024315B88AA5008451CD /* SiriAuthFix */,
				6F67024015B88AA5008451CD /* Frameworks */,
				6F67023F15B88AA5008451CD /* Products */,
			);
			sourceTree = "<group>";
		};
		6F67023F15B88AA5008451CD /* Products */ = {
			isa = PBXGroup;
			children = (
				6F67023E15B88AA5008451CD /* SiriAuthFix.dylib */,
			);
			name = Products;
			sourceTree = "<group>";
		};
		6F67024015B88AA5008451CD /* Frameworks */ = {
			isa = PBXGroup;
			children = (
				6F3C2349161F616900A95D19 /* IOKit.framework */,
				6F67024115B88AA5008451CD /* Foundation.framework */,
			);
			name = Frameworks;
			sourceTree = "<group>";
		};
		6F67024315B88AA5008451CD /* SiriAuthFix */ = {
			isa = PBXGroup;
			children = (
				6F67025715B88B0E008451CD /* IOKitDefines.h */,
				6F67024815B88AA5008451CD /* SiriAuthFix.mm */,
				6F67024415B88AA5008451CD /* Supporting Files */,
			);
			path = SiriAuthFix;
			sourceTree = "<group>";
		};
		6F67024415B88AA5008451CD /* Supporting Files */ = {
			isa = PBXGroup;
			children = (
				6F7CE141176335C000C1643B /* SiriAuthFix.plist */,
				6F67024515B88AA5008451CD /* SiriAuthFix-Prefix.pch */,
			);
			name = "Supporting Files";
			sourceTree = "<group>";
		};
/* End PBXGroup section */

/* Begin PBXNativeTarget section */
		6F67023D15B88AA5008451CD /* SiriAuthFix */ = {
			isa = PBXNativeTarget;
			buildConfigurationList = 6F67024C15B88AA5008451CD /* Build configuration list for PBXNativeTarget "SiriAuthFix" */;
			buildPhases = (
				6F67023A15B88AA5008451CD /* Sources */,
				6F67023B15B88AA5008451CD /* Frameworks */,
				6F67023C15B88AA5008451CD /* CopyFiles */,
			);
			buildRules = (
			);
			dependencies = (
			);
			name = SiriAuthFix;
			productName = SiriAuthFix;
			productReference = 6F67023E15B88AA5008451CD /* SiriAuthFix.dylib */;
			productType = "com.apple.product-type.library.dynamic";
		};
/* End PBXNativeTarget section */

/* Begin PBXProject section */
		6F67023515B88AA5008451CD /* Project object */ = {
			isa = PBXProject;
			attributes = {
				LastUpgradeCheck = 0450;
				ORGANIZATIONNAME = "Hamza Sood";
			};
			buildConfigurationList = 6F67023815B88AA5008451CD /* Build configuration list for PBXProject "SiriAuthFix" */;
			compatibilityVersion = "Xcode 3.2";
			developmentRegion = English;
			hasScannedForEncodings = 0;
			knownRegions = (
				en,
			);
			mainGroup = 6F67023315B88AA5008451CD;
			productRefGroup = 6F67023F15B88AA5008451CD /* Products */;
			projectDirPath = "";
			projectRoot = "";
			targets = (
				6F67023D15B88AA5008451CD /* SiriAuthFix */,
			);
		};
/* End PBXProject section */

/* Begin PBXSourcesBuildPhase section */
		6F67023A15B88AA5008451CD /* Sources */ = {
			isa = PBXSourcesBuildPhase;
			buildActionMask = 2147483647;
			files = (
				6F67024915B88AA5008451CD /* SiriAuthFix.mm in Sources */,
			);
			runOnlyForDeploymentPostprocessing = 0;
		};
/* End PBXSourcesBuildPhase section */

/* Begin XCBuildConfiguration section */
		6F67024A15B88AA5008451CD /* Debug */ = {
			isa = XCBuildConfiguration;
			buildSettings = {
				ALWAYS_SEARCH_USER_PATHS = NO;
				CLANG_CXX_LANGUAGE_STANDARD = "gnu++0x";
				CLANG_CXX_LIBRARY = "libc++";
				CLANG_WARN__DUPLICATE_METHOD_MATCH = YES;
				COPY_PHASE_STRIP = NO;
				GCC_C_LANGUAGE_STANDARD = gnu99;
				GCC_DYNAMIC_NO_PIC = NO;
				GCC_OPTIMIZATION_LEVEL = 0;
				GCC_PREPROCESSOR_DEFINITIONS = (
					"DEBUG=1",
					"$(inherited)",
				);
				GCC_SYMBOLS_PRIVATE_EXTERN = NO;
				GCC_WARN_ABOUT_RETURN_TYPE = YES;
				GCC_WARN_UNINITIALIZED_AUTOS = YES;
				GCC_WARN_UNUSED_VARIABLE = YES;
				IPHONEOS_DEPLOYMENT_TARGET = 6.0;
				SDKROOT = iphoneos;
			};
			name = Debug;
		};
		6F67024B15B88AA5008451CD /* Release */ = {
			isa = XCBuildConfiguration;
			buildSettings = {
				ALWAYS_SEARCH_USER_PATHS = NO;
				CLANG_CXX_LANGUAGE_STANDARD = "gnu++0x";
				CLANG_CXX_LIBRARY = "libc++";
				CLANG_WARN__DUPLICATE_METHOD_MATCH = YES;
				COPY_PHASE_STRIP = YES;
				GCC_C_LANGUAGE_STANDARD = gnu99;
				GCC_WARN_ABOUT_RETURN_TYPE = YES;
				GCC_WARN_UNINITIALIZED_AUTOS = YES;
				GCC_WARN_UNUSED_VARIABLE = YES;
				IPHONEOS_DEPLOYMENT_TARGET = 6.0;
				SDKROOT = iphoneos;
				VALIDATE_PRODUCT = YES;
			};
			name = Release;
		};
		6F67024D15B88AA5008451CD /* Debug */ = {
			isa = XCBuildConfiguration;
			buildSettings = {
				CODE_SIGN_IDENTITY = "";
				DSTROOT = /tmp/SiriAuthFix.dst;
				GCC_PRECOMPILE_PREFIX_HEADER = YES;
				GCC_PREFIX_HEADER = "SiriAuthFix/SiriAuthFix-Prefix.pch";
				MACH_O_TYPE = mh_dylib;
				OTHER_LDFLAGS = "-ObjC";
				PRODUCT_NAME = "$(TARGET_NAME)";
				SKIP_INSTALL = YES;
			};
			name = Debug;
		};
		6F67024E15B88AA5008451CD /* Release */ = {
			isa = XCBuildConfiguration;
			buildSettings = {
				CODE_SIGN_IDENTITY = "";
				DSTROOT = /tmp/SiriAuthFix.dst;
				GCC_PRECOMPILE_PREFIX_HEADER = YES;
				GCC_PREFIX_HEADER = "SiriAuthFix/SiriAuthFix-Prefix.pch";
				MACH_O_TYPE = mh_dylib;
				OTHER_LDFLAGS = "-ObjC";
				PRODUCT_NAME = "$(TARGET_NAME)";
				SKIP_INSTALL = YES;
			};
			name = Release;
		};
/* End XCBuildConfiguration section */

/* Begin XCConfigurationList section */
		6F67023815B88AA5008451CD /* Build configuration list for PBXProject "SiriAuthFix" */ = {
			isa = XCConfigurationList;
			buildConfigurations = (
				6F67024A15B88AA5008451CD /* Debug */,
				6F67024B15B88AA5008451CD /* Release */,
			);
			defaultConfigurationIsVisible = 0;
			defaultConfigurationName = Release;
		};
		6F67024C15B88AA5008451CD /* Build configuration list for PBXNativeTarget "SiriAuthFix" */ = {
			isa = XCConfigurationList;
			buildConfigurations = (
				6F67024D15B88AA5008451CD /* Debug */,
				6F67024E15B88AA5008451CD /* Release */,
			);
			defaultConfigurationIsVisible = 0;
			defaultConfigurationName = Release;
		};
/* End XCConfigurationList section */
	};
	rootObject = 6F67023515B88AA5008451CD /* Project object */;
}
